
Microsoft Visual Studio Solution File, Format Version 12.00
Project("{FAE04EC0-301F-11D3-BF4B-00C04F79EFBC}") = "HeartThrobFramework", "HeartThrobFramework\HeartThrobFramework.csproj", "{911EE88C-2142-425A-B584-55CB008C9074}"
EndProject
Project("{FAE04EC0-301F-11D3-BF4B-00C04F79EFBC}") = "HeartThrobTests", "HeartThrobTests\HeartThrobTests.csproj", "{08D836EC-B174-471E-8F49-61A14BD26285}"
EndProject
Project("{FAE04EC0-301F-11D3-BF4B-00C04F79EFBC}") = "HeartThrobMonoGameTests", "HeartThrobMonoGameTests\HeartThrobMonoGameTests.csproj", "{52954238-EEDA-4A59-A095-15EAF604F6D8}"
EndProject
Project("{FAE04EC0-301F-11D3-BF4B-00C04F79EFBC}") = "HeartThrobFramework.ContentPipeline", "HeartThrobFramework.ContentPipeline\HeartThrobFramework.ContentPipeline.csproj", "{5CFB871D-E3B5-4824-9ABA-40C0AE9DA9F5}"
EndProject
Global
	GlobalSection(SolutionConfigurationPlatforms) = preSolution
		Debug|Any CPU = Debug|Any CPU
		Release|Any CPU = Release|Any CPU
	EndGlobalSection
	GlobalSection(ProjectConfigurationPlatforms) = postSolution
		{911EE88C-2142-425A-B584-55CB008C9074}.Debug|Any CPU.ActiveCfg = Debug|Any CPU
		{911EE88C-2142-425A-B584-55CB008C9074}.Debug|Any CPU.Build.0 = Debug|Any CPU
		{911EE88C-2142-425A-B584-55CB008C9074}.Release|Any CPU.ActiveCfg = Release|Any CPU
		{911EE88C-2142-425A-B584-55CB008C9074}.Release|Any CPU.Build.0 = Release|Any CPU
		{08D836EC-B174-471E-8F49-61A14BD26285}.Debug|Any CPU.ActiveCfg = Debug|Any CPU
		{08D836EC-B174-471E-8F49-61A14BD26285}.Debug|Any CPU.Build.0 = Debug|Any CPU
		{08D836EC-B174-471E-8F49-61A14BD26285}.Release|Any CPU.ActiveCfg = Release|Any CPU
		{08D836EC-B174-471E-8F49-61A14BD26285}.Release|Any CPU.Build.0 = Release|Any CPU
		{52954238-EEDA-4A59-A095-15EAF604F6D8}.Debug|Any CPU.ActiveCfg = Debug|Any CPU
		{52954238-EEDA-4A59-A095-15EAF604F6D8}.Debug|Any CPU.Build.0 = Debug|Any CPU
		{52954238-EEDA-4A59-A095-15EAF604F6D8}.Release|Any CPU.ActiveCfg = Release|Any CPU
		{52954238-EEDA-4A59-A095-15EAF604F6D8}.Release|Any CPU.Build.0 = Release|Any CPU
		{5CFB871D-E3B5-4824-9ABA-40C0AE9DA9F5}.Debug|Any CPU.ActiveCfg = Debug|Any CPU
		{5CFB871D-E3B5-4824-9ABA-40C0AE9DA9F5}.Debug|Any CPU.Build.0 = Debug|Any CPU
		{5CFB871D-E3B5-4824-9ABA-40C0AE9DA9F5}.Release|Any CPU.ActiveCfg = Release|Any CPU
		{5CFB871D-E3B5-4824-9ABA-40C0AE9DA9F5}.Release|Any CPU.Build.0 = Release|Any CPU
	EndGlobalSection
EndGlobal
